# THIS IS AN AUTOGENERATED FILE. DO NOT EDIT THIS FILE DIRECTLY.
# yarn lockfile v1


"@types/chess.js@^0.13.7":
  version "0.13.7"
  resolved "https://registry.yarnpkg.com/@types/chess.js/-/chess.js-0.13.7.tgz#2fe36ae547b2dbacd7696238433354facb556c24"
  integrity sha512-o9TeeBdFXelFJXOD9+6sT6bbpBvWG0ZbpOnlIyUNXBjewh7xoFS0+BifGc71T45D5E952io3i8dDsaN6hnLaxw==

chess.js@^1.0.0-beta.8:
  version "1.0.0-beta.8"
  resolved "https://registry.yarnpkg.com/chess.js/-/chess.js-1.0.0-beta.8.tgz#be5e73eabd49e272f41d26bc7fddc93cbcda912f"
  integrity sha512-UngzUMXmexcQaQA/UEJuJj5vatEy34awYMD5YMOp/FW3HM7lqspp7ymYs5JAmquDq0WROtURRfSffoa/vrCCyw==
